
Microsoft Visual Studio Solution File, Format Version 12.00
# Visual Studio Version 17
VisualStudioVersion = 17.8.34330.188
MinimumVisualStudioVersion = 10.0.40219.1
Project("{9A19103F-16F7-4668-BE54-9A1E7A4F7556}") = "TutoringRequest.Data", "TutoringRequest.Data\TutoringRequest.Data.csproj", "{CE953436-9EC7-49DE-96F3-8EAD31022504}"
EndProject
Project("{9A19103F-16F7-4668-BE54-9A1E7A4F7556}") = "TutoringRequest.Models", "TutoringRequest.Models\TutoringRequest.Models.csproj", "{96D5057D-6DFA-493D-BBB9-B4F2C37425DF}"
EndProject
Project("{9A19103F-16F7-4668-BE54-9A1E7A4F7556}") = "TutoringRequest.Api", "TutoringRequest.Api\TutoringRequest.Api.csproj", "{9CB38EB6-7F78-4204-AB28-64F6FDA41B68}"
EndProject
Project("{9A19103F-16F7-4668-BE54-9A1E7A4F7556}") = "TutoringRequest.Test", "TutoringRequest.Test\TutoringRequest.Test.csproj", "{FEC01092-275E-4977-8F02-07197499F61C}"
EndProject
Project("{9A19103F-16F7-4668-BE54-9A1E7A4F7556}") = "TutoringRequest.ConsoleTest", "TutoringRequest.ConsoleTest\TutoringRequest.ConsoleTest.csproj", "{6C671B7D-3D91-4F3C-BC57-2897408EFC9A}"
EndProject
Project("{FAE04EC0-301F-11D3-BF4B-00C04F79EFBC}") = "TutoringRequest.Services", "TutoringRequest.Services\TutoringRequest.Services.csproj", "{0872AD3B-A751-4BE2-A5D7-04BCC03A6BE1}"
EndProject
Project("{FAE04EC0-301F-11D3-BF4B-00C04F79EFBC}") = "TutoringRequest.Helpers", "TutoringRequest.Helpers\TutoringRequest.Helpers.csproj", "{EA30AA5A-F92F-40E4-9A0C-5CBAB406118E}"
EndProject
Global
	GlobalSection(SolutionConfigurationPlatforms) = preSolution
		Debug|Any CPU = Debug|Any CPU
		Release|Any CPU = Release|Any CPU
	EndGlobalSection
	GlobalSection(ProjectConfigurationPlatforms) = postSolution
		{CE953436-9EC7-49DE-96F3-8EAD31022504}.Debug|Any CPU.ActiveCfg = Debug|Any CPU
		{CE953436-9EC7-49DE-96F3-8EAD31022504}.Debug|Any CPU.Build.0 = Debug|Any CPU
		{CE953436-9EC7-49DE-96F3-8EAD31022504}.Release|Any CPU.ActiveCfg = Release|Any CPU
		{CE953436-9EC7-49DE-96F3-8EAD31022504}.Release|Any CPU.Build.0 = Release|Any CPU
		{96D5057D-6DFA-493D-BBB9-B4F2C37425DF}.Debug|Any CPU.ActiveCfg = Debug|Any CPU
		{96D5057D-6DFA-493D-BBB9-B4F2C37425DF}.Debug|Any CPU.Build.0 = Debug|Any CPU
		{96D5057D-6DFA-493D-BBB9-B4F2C37425DF}.Release|Any CPU.ActiveCfg = Release|Any CPU
		{96D5057D-6DFA-493D-BBB9-B4F2C37425DF}.Release|Any CPU.Build.0 = Release|Any CPU
		{9CB38EB6-7F78-4204-AB28-64F6FDA41B68}.Debug|Any CPU.ActiveCfg = Debug|Any CPU
		{9CB38EB6-7F78-4204-AB28-64F6FDA41B68}.Debug|Any CPU.Build.0 = Debug|Any CPU
		{9CB38EB6-7F78-4204-AB28-64F6FDA41B68}.Release|Any CPU.ActiveCfg = Release|Any CPU
		{9CB38EB6-7F78-4204-AB28-64F6FDA41B68}.Release|Any CPU.Build.0 = Release|Any CPU
		{FEC01092-275E-4977-8F02-07197499F61C}.Debug|Any CPU.ActiveCfg = Debug|Any CPU
		{FEC01092-275E-4977-8F02-07197499F61C}.Debug|Any CPU.Build.0 = Debug|Any CPU
		{FEC01092-275E-4977-8F02-07197499F61C}.Release|Any CPU.ActiveCfg = Release|Any CPU
		{FEC01092-275E-4977-8F02-07197499F61C}.Release|Any CPU.Build.0 = Release|Any CPU
		{6C671B7D-3D91-4F3C-BC57-2897408EFC9A}.Debug|Any CPU.ActiveCfg = Debug|Any CPU
		{6C671B7D-3D91-4F3C-BC57-2897408EFC9A}.Debug|Any CPU.Build.0 = Debug|Any CPU
		{6C671B7D-3D91-4F3C-BC57-2897408EFC9A}.Release|Any CPU.ActiveCfg = Release|Any CPU
		{6C671B7D-3D91-4F3C-BC57-2897408EFC9A}.Release|Any CPU.Build.0 = Release|Any CPU
		{0872AD3B-A751-4BE2-A5D7-04BCC03A6BE1}.Debug|Any CPU.ActiveCfg = Debug|Any CPU
		{0872AD3B-A751-4BE2-A5D7-04BCC03A6BE1}.Debug|Any CPU.Build.0 = Debug|Any CPU
		{0872AD3B-A751-4BE2-A5D7-04BCC03A6BE1}.Release|Any CPU.ActiveCfg = Release|Any CPU
		{0872AD3B-A751-4BE2-A5D7-04BCC03A6BE1}.Release|Any CPU.Build.0 = Release|Any CPU
		{EA30AA5A-F92F-40E4-9A0C-5CBAB406118E}.Debug|Any CPU.ActiveCfg = Debug|Any CPU
		{EA30AA5A-F92F-40E4-9A0C-5CBAB406118E}.Debug|Any CPU.Build.0 = Debug|Any CPU
		{EA30AA5A-F92F-40E4-9A0C-5CBAB406118E}.Release|Any CPU.ActiveCfg = Release|Any CPU
		{EA30AA5A-F92F-40E4-9A0C-5CBAB406118E}.Release|Any CPU.Build.0 = Release|Any CPU
	EndGlobalSection
	GlobalSection(SolutionProperties) = preSolution
		HideSolutionNode = FALSE
	EndGlobalSection
	GlobalSection(ExtensibilityGlobals) = postSolution
		SolutionGuid = {738CE9F4-AA6D-4AA1-8E35-E68C757D8F62}
	EndGlobalSection
EndGlobal
